
Microsoft Visual Studio Solution File, Format Version 12.00
# Visual Studio Version 17
VisualStudioVersion = 17.4.33110.190
MinimumVisualStudioVersion = 10.0.40219.1
Project("{FAE04EC0-301F-11D3-BF4B-00C04F79EFBC}") = "FootballScoresDbApi", "FootballScoresDbApi.csproj", "{A5BAB876-079E-4E91-A0F2-DE9E31E69A5C}"
EndProject
Global
	GlobalSection(SolutionConfigurationPlatforms) = preSolution
		Debug|Any CPU = Debug|Any CPU
		Release|Any CPU = Release|Any CPU
	EndGlobalSection
	GlobalSection(ProjectConfigurationPlatforms) = postSolution
		{A5BAB876-079E-4E91-A0F2-DE9E31E69A5C}.Debug|Any CPU.ActiveCfg = Debug|Any CPU
		{A5BAB876-079E-4E91-A0F2-DE9E31E69A5C}.Debug|Any CPU.Build.0 = Debug|Any CPU
		{A5BAB876-079E-4E91-A0F2-DE9E31E69A5C}.Release|Any CPU.ActiveCfg = Release|Any CPU
		{A5BAB876-079E-4E91-A0F2-DE9E31E69A5C}.Release|Any CPU.Build.0 = Release|Any CPU
	EndGlobalSection
	GlobalSection(SolutionProperties) = preSolution
		HideSolutionNode = FALSE
	EndGlobalSection
	GlobalSection(ExtensibilityGlobals) = postSolution
		SolutionGuid = {4C234C74-B590-418D-9F7D-9954F80BF7E9}
	EndGlobalSection
EndGlobal
